<?xml version="1.0" encoding="utf-8"?>
<Project ToolsVersion="4.0" xmlns="http://schemas.microsoft.com/developer/msbuild/2003">
  <ItemGroup>
    <ClCompile Include="DrawScene.cxx">
      <Filter>Source Files</Filter>
    </ClCompile>
    <ClCompile Include="..\Common\Common.cxx">
      <Filter>Source Files</Filter>
    </ClCompile>
    <ClCompile Include="DrawText.cxx">
      <Filter>Source Files</Filter>
    </ClCompile>
    <ClCompile Include="GetPosition.cxx">
      <Filter>Source Files</Filter>
    </ClCompile>
    <ClCompile Include="GlFunctions.cxx">
      <Filter>Source Files</Filter>
    </ClCompile>
    <ClCompile Include="SceneCache.cxx">
      <Filter>Source Files</Filter>
    </ClCompile>
    <ClCompile Include="main.cxx">
      <Filter>Source Files</Filter>
    </ClCompile>
    <ClCompile Include="SceneContext.cxx">
      <Filter>Source Files</Filter>
    </ClCompile>
    <ClCompile Include="SetCamera.cxx">
      <Filter>Source Files</Filter>
    </ClCompile>
    <ClCompile Include="targa.cxx">
      <Filter>Source Files</Filter>
    </ClCompile>
  </ItemGroup>
  <ItemGroup>
    <ClInclude Include="DrawScene.h">
      <Filter>Header Files</Filter>
    </ClInclude>
    <ClInclude Include="DrawText.h">
      <Filter>Header Files</Filter>
    </ClInclude>
    <ClInclude Include="GetPosition.h">
      <Filter>Header Files</Filter>
    </ClInclude>
    <ClInclude Include="GlFunctions.h">
      <Filter>Header Files</Filter>
    </ClInclude>
    <ClInclude Include="SceneCache.h">
      <Filter>Header Files</Filter>
    </ClInclude>
    <ClInclude Include="SceneContext.h">
      <Filter>Header Files</Filter>
    </ClInclude>
    <ClInclude Include="SetCamera.h">
      <Filter>Header Files</Filter>
    </ClInclude>
    <ClInclude Include="targa.h">
      <Filter>Header Files</Filter>
    </ClInclude>
  </ItemGroup>
  <ItemGroup>
    <Filter Include="Source Files">
      <UniqueIdentifier>{87a52f52-f485-47ab-8d19-ebad1a67f6ab}</UniqueIdentifier>
      <Extensions>*.cpp;*.cxx</Extensions>
    </Filter>
    <Filter Include="Header Files">
      <UniqueIdentifier>{2cf327c9-cf44-4d75-b9d9-ffc630371609}</UniqueIdentifier>
      <Extensions>*.h</Extensions>
    </Filter>
  </ItemGroup>
</Project>